
Microsoft Visual Studio Solution File, Format Version 12.00
# Visual Studio 15
VisualStudioVersion = 15.0.28010.2036
MinimumVisualStudioVersion = 10.0.40219.1
Project("{FAE04EC0-301F-11D3-BF4B-00C04F79EFBC}") = "Lab7", "Lab7\Lab7.csproj", "{68891519-9FD1-4649-9BDE-C46ACDCABBE0}"
EndProject
Global
	GlobalSection(SolutionConfigurationPlatforms) = preSolution
		Debug|Any CPU = Debug|Any CPU
		Release|Any CPU = Release|Any CPU
	EndGlobalSection
	GlobalSection(ProjectConfigurationPlatforms) = postSolution
		{68891519-9FD1-4649-9BDE-C46ACDCABBE0}.Debug|Any CPU.ActiveCfg = Debug|Any CPU
		{68891519-9FD1-4649-9BDE-C46ACDCABBE0}.Debug|Any CPU.Build.0 = Debug|Any CPU
		{68891519-9FD1-4649-9BDE-C46ACDCABBE0}.Release|Any CPU.ActiveCfg = Release|Any CPU
		{68891519-9FD1-4649-9BDE-C46ACDCABBE0}.Release|Any CPU.Build.0 = Release|Any CPU
	EndGlobalSection
	GlobalSection(SolutionProperties) = preSolution
		HideSolutionNode = FALSE
	EndGlobalSection
	GlobalSection(ExtensibilityGlobals) = postSolution
		SolutionGuid = {A8F4E4CF-3F91-4995-8901-9E17E4BD7490}
	EndGlobalSection
EndGlobal
